
Microsoft Visual Studio Solution File, Format Version 12.00
# Visual Studio 15
Project("{FAE04EC0-301F-11D3-BF4B-00C04F79EFBC}") = "DefiningClasses", "DefiningClassesExercises\DefiningClasses.csproj", "{06F52C88-3440-44AF-9D9D-5753B8C537DB}"
EndProject
Project("{FAE04EC0-301F-11D3-BF4B-00C04F79EFBC}") = "CompanyRoster", "CompanyRoster\CompanyRoster.csproj", "{CAA49F6B-D91F-40DD-A1F4-4DDC6C1B3765}"
EndProject
Project("{FAE04EC0-301F-11D3-BF4B-00C04F79EFBC}") = "CarSalesman", "CarSalesman\CarSalesman.csproj", "{D2EC037D-7D89-497B-BE5D-8CF16DD3216A}"
EndProject
Project("{FAE04EC0-301F-11D3-BF4B-00C04F79EFBC}") = "Generics", "Generics\Generics.csproj", "{9E827A5D-DCCB-4426-814A-B37F9FAB3CFB}"
EndProject
Project("{FAE04EC0-301F-11D3-BF4B-00C04F79EFBC}") = "InteratorsAndComparators", "InteratorsAndComparators\InteratorsAndComparators.csproj", "{BA33DFB7-830D-4ABF-9924-7ED9891DF119}"
EndProject
Project("{FAE04EC0-301F-11D3-BF4B-00C04F79EFBC}") = "Froggy", "Froggy\Froggy.csproj", "{B055982C-B55A-4D25-81AC-2EFE3E6073DC}"
EndProject
Project("{FAE04EC0-301F-11D3-BF4B-00C04F79EFBC}") = "ComparingObjects", "ComparingObjects\ComparingObjects.csproj", "{FAB82982-CA9A-4243-96D4-7467872613DA}"
EndProject
Global
	GlobalSection(SolutionConfigurationPlatforms) = preSolution
		Debug|x86 = Debug|x86
		Release|x86 = Release|x86
	EndGlobalSection
	GlobalSection(ProjectConfigurationPlatforms) = postSolution
		{06F52C88-3440-44AF-9D9D-5753B8C537DB}.Debug|x86.ActiveCfg = Debug|x86
		{06F52C88-3440-44AF-9D9D-5753B8C537DB}.Debug|x86.Build.0 = Debug|x86
		{06F52C88-3440-44AF-9D9D-5753B8C537DB}.Release|x86.ActiveCfg = Release|x86
		{06F52C88-3440-44AF-9D9D-5753B8C537DB}.Release|x86.Build.0 = Release|x86
		{CAA49F6B-D91F-40DD-A1F4-4DDC6C1B3765}.Debug|x86.ActiveCfg = Debug|x86
		{CAA49F6B-D91F-40DD-A1F4-4DDC6C1B3765}.Debug|x86.Build.0 = Debug|x86
		{CAA49F6B-D91F-40DD-A1F4-4DDC6C1B3765}.Release|x86.ActiveCfg = Release|x86
		{CAA49F6B-D91F-40DD-A1F4-4DDC6C1B3765}.Release|x86.Build.0 = Release|x86
		{D2EC037D-7D89-497B-BE5D-8CF16DD3216A}.Debug|x86.ActiveCfg = Debug|x86
		{D2EC037D-7D89-497B-BE5D-8CF16DD3216A}.Debug|x86.Build.0 = Debug|x86
		{D2EC037D-7D89-497B-BE5D-8CF16DD3216A}.Release|x86.ActiveCfg = Release|x86
		{D2EC037D-7D89-497B-BE5D-8CF16DD3216A}.Release|x86.Build.0 = Release|x86
		{9E827A5D-DCCB-4426-814A-B37F9FAB3CFB}.Debug|x86.ActiveCfg = Debug|x86
		{9E827A5D-DCCB-4426-814A-B37F9FAB3CFB}.Debug|x86.Build.0 = Debug|x86
		{9E827A5D-DCCB-4426-814A-B37F9FAB3CFB}.Release|x86.ActiveCfg = Release|x86
		{9E827A5D-DCCB-4426-814A-B37F9FAB3CFB}.Release|x86.Build.0 = Release|x86
		{BA33DFB7-830D-4ABF-9924-7ED9891DF119}.Debug|x86.ActiveCfg = Debug|x86
		{BA33DFB7-830D-4ABF-9924-7ED9891DF119}.Debug|x86.Build.0 = Debug|x86
		{BA33DFB7-830D-4ABF-9924-7ED9891DF119}.Release|x86.ActiveCfg = Release|x86
		{BA33DFB7-830D-4ABF-9924-7ED9891DF119}.Release|x86.Build.0 = Release|x86
		{B055982C-B55A-4D25-81AC-2EFE3E6073DC}.Debug|x86.ActiveCfg = Debug|x86
		{B055982C-B55A-4D25-81AC-2EFE3E6073DC}.Debug|x86.Build.0 = Debug|x86
		{B055982C-B55A-4D25-81AC-2EFE3E6073DC}.Release|x86.ActiveCfg = Release|x86
		{B055982C-B55A-4D25-81AC-2EFE3E6073DC}.Release|x86.Build.0 = Release|x86
		{FAB82982-CA9A-4243-96D4-7467872613DA}.Debug|x86.ActiveCfg = Debug|x86
		{FAB82982-CA9A-4243-96D4-7467872613DA}.Debug|x86.Build.0 = Debug|x86
		{FAB82982-CA9A-4243-96D4-7467872613DA}.Release|x86.ActiveCfg = Release|x86
		{FAB82982-CA9A-4243-96D4-7467872613DA}.Release|x86.Build.0 = Release|x86
	EndGlobalSection
EndGlobal
